// !$*UTF8*$!
{
	archiveVersion = 1;
	classes = {
	};
	objectVersion = 77;
	objects = {

/* Begin PBXContainerItemProxy section */
		04B41EB62F9E46FB003C3E75 /* PBXContainerItemProxy */ = {
			isa = PBXContainerItemProxy;
			containerPortal = 04B41EA02F9E46F8003C3E75 /* Project object */;
			proxyType = 1;
			remoteGlobalIDString = 04B41EA72F9E46F8003C3E75;
			remoteInfo = WhiteNoisePlayer;
		};
		04B41EC02F9E46FB003C3E75 /* PBXContainerItemProxy */ = {
			isa = PBXContainerItemProxy;
			containerPortal = 04B41EA02F9E46F8003C3E75 /* Project object */;
			proxyType = 1;
			remoteGlobalIDString = 04B41EA72F9E46F8003C3E75;
			remoteInfo = WhiteNoisePlayer;
		};
/* End PBXContainerItemProxy section */

/* Begin PBXFileReference section */
		04B41EA82F9E46F8003C3E75 /* RainSleep.app */ = {isa = PBXFileReference; explicitFileType = wrapper.application; includeInIndex = 0; path = RainSleep.app; sourceTree = BUILT_PRODUCTS_DIR; };
		04B41EB52F9E46FB003C3E75 /* RainSleepTests.xctest */ = {isa = PBXFileReference; explicitFileType = wrapper.cfbundle; includeInIndex = 0; path = RainSleepTests.xctest; sourceTree = BUILT_PRODUCTS_DIR; };
		04B41EBF2F9E46FB003C3E75 /* RainSleepUITests.xctest */ = {isa = PBXFileReference; explicitFileType = wrapper.cfbundle; includeInIndex = 0; path = RainSleepUITests.xctest; sourceTree = BUILT_PRODUCTS_DIR; };
/* End PBXFileReference section */

/* Begin PBXFileSystemSynchronizedBuildFileExceptionSet section */
		04710CE62FB23A6100B7BD40 /* Exceptions for "WhiteNoisePlayer" folder in "RainSleep" target */ = {
			isa = PBXFileSystemSynchronizedBuildFileExceptionSet;
			membershipExceptions = (
				Info.plist,
			);
			target = 04B41EA72F9E46F8003C3E75 /* RainSleep */;
		};
/* End PBXFileSystemSynchronizedBuildFileExceptionSet section */

/* Begin PBXFileSystemSynchronizedRootGroup section */
		04B41EAA2F9E46F8003C3E75 /* WhiteNoisePlayer */ = {
			isa = PBXFileSystemSynchronizedRootGroup;
			exceptions = (
				04710CE62FB23A6100B7BD40 /* Exceptions for "WhiteNoisePlayer" folder in "RainSleep" target */,
			);
			path = WhiteNoisePlayer;
			sourceTree = "<group>";
		};
		04B41EB82F9E46FB003C3E75 /* WhiteNoisePlayerTests */ = {
			isa = PBXFileSystemSynchronizedRootGroup;
			path = WhiteNoisePlayerTests;
			sourceTree = "<group>";
		};
		04B41EC22F9E46FB003C3E75 /* WhiteNoisePlayerUITests */ = {
			isa = PBXFileSystemSynchronizedRootGroup;
			path = WhiteNoisePlayerUITests;
			sourceTree = "<group>";
		};
/* End PBXFileSystemSynchronizedRootGroup section */

/* Begin PBXFrameworksBuildPhase section */
		04B41EA52F9E46F8003C3E75 /* Frameworks */ = {
			isa = PBXFrameworksBuildPhase;
			buildActionMask = 2147483647;
			files = (
			);
			runOnlyForDeploymentPostprocessing = 0;
		};
		04B41EB22F9E46FB003C3E75 /* Frameworks */ = {
			isa = PBXFrameworksBuildPhase;
			buildActionMask = 2147483647;
			files = (
			);
			runOnlyForDeploymentPostprocessing = 0;
		};
		04B41EBC2F9E46FB003C3E75 /* Frameworks */ = {
			isa = PBXFrameworksBuildPhase;
			buildActionMask = 2147483647;
			files = (
			);
			runOnlyForDeploymentPostprocessing = 0;
		};
/* End PBXFrameworksBuildPhase section */

/* Begin PBXGroup section */
		04B41E9F2F9E46F8003C3E75 = {
			isa = PBXGroup;
			children = (
				04B41EAA2F9E46F8003C3E75 /* WhiteNoisePlayer */,
				04B41EB82F9E46FB003C3E75 /* WhiteNoisePlayerTests */,
				04B41EC22F9E46FB003C3E75 /* WhiteNoisePlayerUITests */,
				04B41EA92F9E46F8003C3E75 /* Products */,
			);
			sourceTree = "<group>";
		};
		04B41EA92F9E46F8003C3E75 /* Products */ = {
			isa = PBXGroup;
			children = (
				04B41EA82F9E46F8003C3E75 /* RainSleep.app */,
				04B41EB52F9E46FB003C3E75 /* RainSleepTests.xctest */,
				04B41EBF2F9E46FB003C3E75 /* RainSleepUITests.xctest */,
			);
			name = Products;
			sourceTree = "<group>";
		};
/* End PBXGroup section */

/* Begin PBXNativeTarget section */
		04B41EA72F9E46F8003C3E75 /* RainSleep */ = {
			isa = PBXNativeTarget;
			buildConfigurationList = 04B41EC92F9E46FB003C3E75 /* Build configuration list for PBXNativeTarget "RainSleep" */;
			buildPhases = (
				04B41EA42F9E46F8003C3E75 /* Sources */,
				04B41EA52F9E46F8003C3E75 /* Frameworks */,
				04B41EA62F9E46F8003C3E75 /* Resources */,
			);
			buildRules = (
			);
			dependencies = (
			);
			fileSystemSynchronizedGroups = (
				04B41EAA2F9E46F8003C3E75 /* WhiteNoisePlayer */,
			);
			name = RainSleep;
			packageProductDependencies = (
			);
			productName = WhiteNoisePlayer;
			productReference = 04B41EA82F9E46F8003C3E75 /* RainSleep.app */;
			productType = "com.apple.product-type.application";
		};
		04B41EB42F9E46FB003C3E75 /* RainSleepTests */ = {
			isa = PBXNativeTarget;
			buildConfigurationList = 04B41ECC2F9E46FB003C3E75 /* Build configuration list for PBXNativeTarget "RainSleepTests" */;
			buildPhases = (
				04B41EB12F9E46FB003C3E75 /* Sources */,
				04B41EB22F9E46FB003C3E75 /* Frameworks */,
				04B41EB32F9E46FB003C3E75 /* Resources */,
			);
			buildRules = (
			);
			dependencies = (
				04B41EB72F9E46FB003C3E75 /* PBXTargetDependency */,
			);
			fileSystemSynchronizedGroups = (
				04B41EB82F9E46FB003C3E75 /* WhiteNoisePlayerTests */,
			);
			name = RainSleepTests;
			packageProductDependencies = (
			);
			productName = WhiteNoisePlayerTests;
			productReference = 04B41EB52F9E46FB003C3E75 /* RainSleepTests.xctest */;
			productType = "com.apple.product-type.bundle.unit-test";
		};
		04B41EBE2F9E46FB003C3E75 /* RainSleepUITests */ = {
			isa = PBXNativeTarget;
			buildConfigurationList = 04B41ECF2F9E46FB003C3E75 /* Build configuration list for PBXNativeTarget "RainSleepUITests" */;
			buildPhases = (
				04B41EBB2F9E46FB003C3E75 /* Sources */,
				04B41EBC2F9E46FB003C3E75 /* Frameworks */,
				04B41EBD2F9E46FB003C3E75 /* Resources */,
			);
			buildRules = (
			);
			dependencies = (
				04B41EC12F9E46FB003C3E75 /* PBXTargetDependency */,
			);
			fileSystemSynchronizedGroups = (
				04B41EC22F9E46FB003C3E75 /* WhiteNoisePlayerUITests */,
			);
			name = RainSleepUITests;
			packageProductDependencies = (
			);
			productName = WhiteNoisePlayerUITests;
			productReference = 04B41EBF2F9E46FB003C3E75 /* RainSleepUITests.xctest */;
			productType = "com.apple.product-type.bundle.ui-testing";
		};
/* End PBXNativeTarget section */

/* Begin PBXProject section */
		04B41EA02F9E46F8003C3E75 /* Project object */ = {
			isa = PBXProject;
			attributes = {
				BuildIndependentTargetsInParallel = 1;
				LastSwiftUpdateCheck = 1640;
				LastUpgradeCheck = 1640;
				TargetAttributes = {
					04B41EA72F9E46F8003C3E75 = {
						CreatedOnToolsVersion = 16.4;
					};
					04B41EB42F9E46FB003C3E75 = {
						CreatedOnToolsVersion = 16.4;
						TestTargetID = 04B41EA72F9E46F8003C3E75;
					};
					04B41EBE2F9E46FB003C3E75 = {
						CreatedOnToolsVersion = 16.4;
						TestTargetID = 04B41EA72F9E46F8003C3E75;
					};
				};
			};
			buildConfigurationList = 04B41EA32F9E46F8003C3E75 /* Build configuration list for PBXProject "RainSleep" */;
			developmentRegion = en;
			hasScannedForEncodings = 0;
			knownRegions = (
				en,
				Base,
			);
			mainGroup = 04B41E9F2F9E46F8003C3E75;
			minimizedProjectReferenceProxies = 1;
			preferredProjectObjectVersion = 77;
			productRefGroup = 04B41EA92F9E46F8003C3E75 /* Products */;
			projectDirPath = "";
			projectRoot = "";
			targets = (
				04B41EA72F9E46F8003C3E75 /* RainSleep */,
				04B41EB42F9E46FB003C3E75 /* RainSleepTests */,
				04B41EBE2F9E46FB003C3E75 /* RainSleepUITests */,
			);
		};
/* End PBXProject section */

/* Begin PBXResourcesBuildPhase section */
		04B41EA62F9E46F8003C3E75 /* Resources */ = {
			isa = PBXResourcesBuildPhase;
			buildActionMask = 2147483647;
			files = (
			);
			runOnlyForDeploymentPostprocessing = 0;
		};
		04B41EB32F9E46FB003C3E75 /* Resources */ = {
			isa = PBXResourcesBuildPhase;
			buildActionMask = 2147483647;
			files = (
			);
			runOnlyForDeploymentPostprocessing = 0;
		};
		04B41EBD2F9E46FB003C3E75 /* Resources */ = {
			isa = PBXResourcesBuildPhase;
			buildActionMask = 2147483647;
			files = (
			);
			runOnlyForDeploymentPostprocessing = 0;
		};
/* End PBXResourcesBuildPhase section */

/* Begin PBXSourcesBuildPhase section */
		04B41EA42F9E46F8003C3E75 /* Sources */ = {
			isa = PBXSourcesBuildPhase;
			buildActionMask = 2147483647;
			files = (
			);
			runOnlyForDeploymentPostprocessing = 0;
		};
		04B41EB12F9E46FB003C3E75 /* Sources */ = {
			isa = PBXSourcesBuildPhase;
			buildActionMask = 2147483647;
			files = (
			);
			runOnlyForDeploymentPostprocessing = 0;
		};
		04B41EBB2F9E46FB003C3E75 /* Sources */ = {
			isa = PBXSourcesBuildPhase;
			buildActionMask = 2147483647;
			files = (
			);
			runOnlyForDeploymentPostprocessing = 0;
		};
/* End PBXSourcesBuildPhase section */

/* Begin PBXTargetDependency section */
		04B41EB72F9E46FB003C3E75 /* PBXTargetDependency */ = {
			isa = PBXTargetDependency;
			target = 04B41EA72F9E46F8003C3E75 /* RainSleep */;
			targetProxy = 04B41EB62F9E46FB003C3E75 /* PBXContainerItemProxy */;
		};
		04B41EC12F9E46FB003C3E75 /* PBXTargetDependency */ = {
			isa = PBXTargetDependency;
			target = 04B41EA72F9E46F8003C3E75 /* RainSleep */;
			targetProxy = 04B41EC02F9E46FB003C3E75 /* PBXContainerItemProxy */;
		};
/* End PBXTargetDependency section */

/* Begin XCBuildConfiguration section */
		04B41EC72F9E46FB003C3E75 /* Debug */ = {
			isa = XCBuildConfiguration;
			buildSettings = {
				ALWAYS_SEARCH_USER_PATHS = NO;
				ASSETCATALOG_COMPILER_GENERATE_SWIFT_ASSET_SYMBOL_EXTENSIONS = YES;
				CLANG_ANALYZER_NONNULL = YES;
				CLANG_ANALYZER_NUMBER_OBJECT_CONVERSION = YES_AGGRESSIVE;
				CLANG_CXX_LANGUAGE_STANDARD = "gnu++20";
				CLANG_ENABLE_MODULES = YES;
				CLANG_ENABLE_OBJC_ARC = YES;
				CLANG_ENABLE_OBJC_WEAK = YES;
				CLANG_WARN_BLOCK_CAPTURE_AUTORELEASING = YES;
				CLANG_WARN_BOOL_CONVERSION = YES;
				CLANG_WARN_COMMA = YES;
				CLANG_WARN_CONSTANT_CONVERSION = YES;
				CLANG_WARN_DEPRECATED_OBJC_IMPLEMENTATIONS = YES;
				CLANG_WARN_DIRECT_OBJC_ISA_USAGE = YES_ERROR;
				CLANG_WARN_DOCUMENTATION_COMMENTS = YES;
				CLANG_WARN_EMPTY_BODY = YES;
				CLANG_WARN_ENUM_CONVERSION = YES;
				CLANG_WARN_INFINITE_RECURSION = YES;
				CLANG_WARN_INT_CONVERSION = YES;
				CLANG_WARN_NON_LITERAL_NULL_CONVERSION = YES;
				CLANG_WARN_OBJC_IMPLICIT_RETAIN_SELF = YES;
				CLANG_WARN_OBJC_LITERAL_CONVERSION = YES;
				CLANG_WARN_OBJC_ROOT_CLASS = YES_ERROR;
				CLANG_WARN_QUOTED_INCLUDE_IN_FRAMEWORK_HEADER = YES;
				CLANG_WARN_RANGE_LOOP_ANALYSIS = YES;
				CLANG_WARN_STRICT_PROTOTYPES = YES;
				CLANG_WARN_SUSPICIOUS_MOVE = YES;
				CLANG_WARN_UNGUARDED_AVAILABILITY = YES_AGGRESSIVE;
				CLANG_WARN_UNREACHABLE_CODE = YES;
				CLANG_WARN__DUPLICATE_METHOD_MATCH = YES;
				COPY_PHASE_STRIP = NO;
				DEBUG_INFORMATION_FORMAT = dwarf;
				DEVELOPMENT_TEAM = 2DSQP9GND8;
				ENABLE_STRICT_OBJC_MSGSEND = YES;
				ENABLE_TESTABILITY = YES;
				ENABLE_USER_SCRIPT_SANDBOXING = YES;
				GCC_C_LANGUAGE_STANDARD = gnu17;
				GCC_DYNAMIC_NO_PIC = NO;
				GCC_NO_COMMON_BLOCKS = YES;
				GCC_OPTIMIZATION_LEVEL = 0;
				GCC_PREPROCESSOR_DEFINITIONS = (
					"DEBUG=1",
					"$(inherited)",
				);
				GCC_WARN_64_TO_32_BIT_CONVERSION = YES;
				GCC_WARN_ABOUT_RETURN_TYPE = YES_ERROR;
				GCC_WARN_UNDECLARED_SELECTOR = YES;
				GCC_WARN_UNINITIALIZED_AUTOS = YES_AGGRESSIVE;
				GCC_WARN_UNUSED_FUNCTION = YES;
				GCC_WARN_UNUSED_VARIABLE = YES;
				IPHONEOS_DEPLOYMENT_TARGET = 18.5;
				LOCALIZATION_PREFERS_STRING_CATALOGS = YES;
				MTL_ENABLE_DEBUG_INFO = INCLUDE_SOURCE;
				MTL_FAST_MATH = YES;
				ONLY_ACTIVE_ARCH = YES;
				SDKROOT = iphoneos;
				SWIFT_ACTIVE_COMPILATION_CONDITIONS = "DEBUG $(inherited)";
				SWIFT_OPTIMIZATION_LEVEL = "-Onone";
			};
			name = Debug;
		};
		04B41EC82F9E46FB003C3E75 /* Release */ = {
			isa = XCBuildConfiguration;
			buildSettings = {
				ALWAYS_SEARCH_USER_PATHS = NO;
				ASSETCATALOG_COMPILER_GENERATE_SWIFT_ASSET_SYMBOL_EXTENSIONS = YES;
				CLANG_ANALYZER_NONNULL = YES;
				CLANG_ANALYZER_NUMBER_OBJECT_CONVERSION = YES_AGGRESSIVE;
				CLANG_CXX_LANGUAGE_STANDARD = "gnu++20";
				CLANG_ENABLE_MODULES = YES;
				CLANG_ENABLE_OBJC_ARC = YES;
				CLANG_ENABLE_OBJC_WEAK = YES;
				CLANG_WARN_BLOCK_CAPTURE_AUTORELEASING = YES;
				CLANG_WARN_BOOL_CONVERSION = YES;
				CLANG_WARN_COMMA = YES;
				CLANG_WARN_CONSTANT_CONVERSION = YES;
				CLANG_WARN_DEPRECATED_OBJC_IMPLEMENTATIONS = YES;
				CLANG_WARN_DIRECT_OBJC_ISA_USAGE = YES_ERROR;
				CLANG_WARN_DOCUMENTATION_COMMENTS = YES;
				CLANG_WARN_EMPTY_BODY = YES;
				CLANG_WARN_ENUM_CONVERSION = YES;
				CLANG_WARN_INFINITE_RECURSION = YES;
				CLANG_WARN_INT_CONVERSION = YES;
				CLANG_WARN_NON_LITERAL_NULL_CONVERSION = YES;
				CLANG_WARN_OBJC_IMPLICIT_RETAIN_SELF = YES;
				CLANG_WARN_OBJC_LITERAL_CONVERSION = YES;
				CLANG_WARN_OBJC_ROOT_CLASS = YES_ERROR;
				CLANG_WARN_QUOTED_INCLUDE_IN_FRAMEWORK_HEADER = YES;
				CLANG_WARN_RANGE_LOOP_ANALYSIS = YES;
				CLANG_WARN_STRICT_PROTOTYPES = YES;
				CLANG_WARN_SUSPICIOUS_MOVE = YES;
				CLANG_WARN_UNGUARDED_AVAILABILITY = YES_AGGRESSIVE;
				CLANG_WARN_UNREACHABLE_CODE = YES;
				CLANG_WARN__DUPLICATE_METHOD_MATCH = YES;
				COPY_PHASE_STRIP = NO;
				DEBUG_INFORMATION_FORMAT = "dwarf-with-dsym";
				DEVELOPMENT_TEAM = 2DSQP9GND8;
				ENABLE_NS_ASSERTIONS = NO;
				ENABLE_STRICT_OBJC_MSGSEND = YES;
				ENABLE_USER_SCRIPT_SANDBOXING = YES;
				GCC_C_LANGUAGE_STANDARD = gnu17;
				GCC_NO_COMMON_BLOCKS = YES;
				GCC_WARN_64_TO_32_BIT_CONVERSION = YES;
				GCC_WARN_ABOUT_RETURN_TYPE = YES_ERROR;
				GCC_WARN_UNDECLARED_SELECTOR = YES;
				GCC_WARN_UNINITIALIZED_AUTOS = YES_AGGRESSIVE;
				GCC_WARN_UNUSED_FUNCTION = YES;
				GCC_WARN_UNUSED_VARIABLE = YES;
				IPHONEOS_DEPLOYMENT_TARGET = 18.5;
				LOCALIZATION_PREFERS_STRING_CATALOGS = YES;
				MTL_ENABLE_DEBUG_INFO = NO;
				MTL_FAST_MATH = YES;
				SDKROOT = iphoneos;
				SWIFT_COMPILATION_MODE = wholemodule;
				VALIDATE_PRODUCT = YES;
			};
			name = Release;
		};
		04B41ECA2F9E46FB003C3E75 /* Debug */ = {
			isa = XCBuildConfiguration;
			buildSettings = {
				ASSETCATALOG_COMPILER_APPICON_NAME = AppIcon;
				ASSETCATALOG_COMPILER_GLOBAL_ACCENT_COLOR_NAME = AccentColor;
				CODE_SIGN_STYLE = Automatic;
				CURRENT_PROJECT_VERSION = 1;
				DEVELOPMENT_TEAM = 2DSQP9GND8;
				ENABLE_PREVIEWS = YES;
				GENERATE_INFOPLIST_FILE = YES;
				INFOPLIST_FILE = WhiteNoisePlayer/Info.plist;
				INFOPLIST_KEY_UIApplicationSceneManifest_Generation = YES;
				INFOPLIST_KEY_UIApplicationSupportsIndirectInputEvents = YES;
				INFOPLIST_KEY_UILaunchScreen_Generation = YES;
				INFOPLIST_KEY_UISupportedInterfaceOrientations_iPad = "UIInterfaceOrientationPortrait UIInterfaceOrientationPortraitUpsideDown UIInterfaceOrientationLandscapeLeft UIInterfaceOrientationLandscapeRight";
				INFOPLIST_KEY_UISupportedInterfaceOrientations_iPhone = "UIInterfaceOrientationPortrait UIInterfaceOrientationLandscapeLeft UIInterfaceOrientationLandscapeRight";
				LD_RUNPATH_SEARCH_PATHS = (
					"$(inherited)",
					"@executable_path/Frameworks",
				);
				MARKETING_VERSION = 1.0;
				PRODUCT_BUNDLE_IDENTIFIER = luckly.com.WhiteNoisePlayer;
				PRODUCT_NAME = "$(TARGET_NAME)";
				SWIFT_EMIT_LOC_STRINGS = YES;
				SWIFT_VERSION = 5.0;
				TARGETED_DEVICE_FAMILY = "1,2";
			};
			name = Debug;
		};
		04B41ECB2F9E46FB003C3E75 /* Release */ = {
			isa = XCBuildConfiguration;
			buildSettings = {
				ASSETCATALOG_COMPILER_APPICON_NAME = AppIcon;
				ASSETCATALOG_COMPILER_GLOBAL_ACCENT_COLOR_NAME = AccentColor;
				CODE_SIGN_STYLE = Automatic;
				CURRENT_PROJECT_VERSION = 1;
				DEVELOPMENT_TEAM = 2DSQP9GND8;
				ENABLE_PREVIEWS = YES;
				GENERATE_INFOPLIST_FILE = YES;
				INFOPLIST_FILE = WhiteNoisePlayer/Info.plist;
				INFOPLIST_KEY_UIApplicationSceneManifest_Generation = YES;
				INFOPLIST_KEY_UIApplicationSupportsIndirectInputEvents = YES;
				INFOPLIST_KEY_UILaunchScreen_Generation = YES;
				INFOPLIST_KEY_UISupportedInterfaceOrientations_iPad = "UIInterfaceOrientationPortrait UIInterfaceOrientationPortraitUpsideDown UIInterfaceOrientationLandscapeLeft UIInterfaceOrientationLandscapeRight";
				INFOPLIST_KEY_UISupportedInterfaceOrientations_iPhone = "UIInterfaceOrientationPortrait UIInterfaceOrientationLandscapeLeft UIInterfaceOrientationLandscapeRight";
				LD_RUNPATH_SEARCH_PATHS = (
					"$(inherited)",
					"@executable_path/Frameworks",
				);
				MARKETING_VERSION = 1.0;
				PRODUCT_BUNDLE_IDENTIFIER = luckly.com.WhiteNoisePlayer;
				PRODUCT_NAME = "$(TARGET_NAME)";
				SWIFT_EMIT_LOC_STRINGS = YES;
				SWIFT_VERSION = 5.0;
				TARGETED_DEVICE_FAMILY = "1,2";
			};
			name = Release;
		};
		04B41ECD2F9E46FB003C3E75 /* Debug */ = {
			isa = XCBuildConfiguration;
			buildSettings = {
				BUNDLE_LOADER = "$(TEST_HOST)";
				CODE_SIGN_STYLE = Automatic;
				CURRENT_PROJECT_VERSION = 1;
				DEVELOPMENT_TEAM = 2DSQP9GND8;
				GENERATE_INFOPLIST_FILE = YES;
				IPHONEOS_DEPLOYMENT_TARGET = 18.5;
				MARKETING_VERSION = 1.0;
				PRODUCT_BUNDLE_IDENTIFIER = luckly.com.WhiteNoisePlayerTests;
				PRODUCT_NAME = "$(TARGET_NAME)";
				SWIFT_EMIT_LOC_STRINGS = NO;
				SWIFT_VERSION = 5.0;
				TARGETED_DEVICE_FAMILY = "1,2";
				TEST_HOST = "$(BUILT_PRODUCTS_DIR)/RainSleep.app/$(BUNDLE_EXECUTABLE_FOLDER_PATH)/RainSleep";
			};
			name = Debug;
		};
		04B41ECE2F9E46FB003C3E75 /* Release */ = {
			isa = XCBuildConfiguration;
			buildSettings = {
				BUNDLE_LOADER = "$(TEST_HOST)";
				CODE_SIGN_STYLE = Automatic;
				CURRENT_PROJECT_VERSION = 1;
				DEVELOPMENT_TEAM = 2DSQP9GND8;
				GENERATE_INFOPLIST_FILE = YES;
				IPHONEOS_DEPLOYMENT_TARGET = 18.5;
				MARKETING_VERSION = 1.0;
				PRODUCT_BUNDLE_IDENTIFIER = luckly.com.WhiteNoisePlayerTests;
				PRODUCT_NAME = "$(TARGET_NAME)";
				SWIFT_EMIT_LOC_STRINGS = NO;
				SWIFT_VERSION = 5.0;
				TARGETED_DEVICE_FAMILY = "1,2";
				TEST_HOST = "$(BUILT_PRODUCTS_DIR)/RainSleep.app/$(BUNDLE_EXECUTABLE_FOLDER_PATH)/RainSleep";
			};
			name = Release;
		};
		04B41ED02F9E46FB003C3E75 /* Debug */ = {
			isa = XCBuildConfiguration;
			buildSettings = {
				CODE_SIGN_STYLE = Automatic;
				CURRENT_PROJECT_VERSION = 1;
				DEVELOPMENT_TEAM = 2DSQP9GND8;
				GENERATE_INFOPLIST_FILE = YES;
				MARKETING_VERSION = 1.0;
				PRODUCT_BUNDLE_IDENTIFIER = luckly.com.WhiteNoisePlayerUITests;
				PRODUCT_NAME = "$(TARGET_NAME)";
				SWIFT_EMIT_LOC_STRINGS = NO;
				SWIFT_VERSION = 5.0;
				TARGETED_DEVICE_FAMILY = "1,2";
				TEST_TARGET_NAME = WhiteNoisePlayer;
			};
			name = Debug;
		};
		04B41ED12F9E46FB003C3E75 /* Release */ = {
			isa = XCBuildConfiguration;
			buildSettings = {
				CODE_SIGN_STYLE = Automatic;
				CURRENT_PROJECT_VERSION = 1;
				DEVELOPMENT_TEAM = 2DSQP9GND8;
				GENERATE_INFOPLIST_FILE = YES;
				MARKETING_VERSION = 1.0;
				PRODUCT_BUNDLE_IDENTIFIER = luckly.com.WhiteNoisePlayerUITests;
				PRODUCT_NAME = "$(TARGET_NAME)";
				SWIFT_EMIT_LOC_STRINGS = NO;
				SWIFT_VERSION = 5.0;
				TARGETED_DEVICE_FAMILY = "1,2";
				TEST_TARGET_NAME = WhiteNoisePlayer;
			};
			name = Release;
		};
/* End XCBuildConfiguration section */

/* Begin XCConfigurationList section */
		04B41EA32F9E46F8003C3E75 /* Build configuration list for PBXProject "RainSleep" */ = {
			isa = XCConfigurationList;
			buildConfigurations = (
				04B41EC72F9E46FB003C3E75 /* Debug */,
				04B41EC82F9E46FB003C3E75 /* Release */,
			);
			defaultConfigurationIsVisible = 0;
			defaultConfigurationName = Release;
		};
		04B41EC92F9E46FB003C3E75 /* Build configuration list for PBXNativeTarget "RainSleep" */ = {
			isa = XCConfigurationList;
			buildConfigurations = (
				04B41ECA2F9E46FB003C3E75 /* Debug */,
				04B41ECB2F9E46FB003C3E75 /* Release */,
			);
			defaultConfigurationIsVisible = 0;
			defaultConfigurationName = Release;
		};
		04B41ECC2F9E46FB003C3E75 /* Build configuration list for PBXNativeTarget "RainSleepTests" */ = {
			isa = XCConfigurationList;
			buildConfigurations = (
				04B41ECD2F9E46FB003C3E75 /* Debug */,
				04B41ECE2F9E46FB003C3E75 /* Release */,
			);
			defaultConfigurationIsVisible = 0;
			defaultConfigurationName = Release;
		};
		04B41ECF2F9E46FB003C3E75 /* Build configuration list for PBXNativeTarget "RainSleepUITests" */ = {
			isa = XCConfigurationList;
			buildConfigurations = (
				04B41ED02F9E46FB003C3E75 /* Debug */,
				04B41ED12F9E46FB003C3E75 /* Release */,
			);
			defaultConfigurationIsVisible = 0;
			defaultConfigurationName = Release;
		};
/* End XCConfigurationList section */
	};
	rootObject = 04B41EA02F9E46F8003C3E75 /* Project object */;
}
